
Microsoft Visual Studio Solution File, Format Version 12.00
# Visual Studio Version 16
VisualStudioVersion = 16.0.29025.244
MinimumVisualStudioVersion = 10.0.40219.1
Project("{9A19103F-16F7-4668-BE54-9A1E7A4F7556}") = "HavingFun.BLL", "HavingFun.BLL\HavingFun.BLL.csproj", "{140CAE85-8354-4269-B1C6-D61FA0E17C8F}"
EndProject
Project("{9A19103F-16F7-4668-BE54-9A1E7A4F7556}") = "HavingFun.Common", "HavingFun.Common\HavingFun.Common.csproj", "{887EC2AD-8D5A-4546-A775-B4B28C6E9B74}"
EndProject
Project("{9A19103F-16F7-4668-BE54-9A1E7A4F7556}") = "HavingFun.EFDAL", "HavingFun.EFDAL\HavingFun.EFDAL.csproj", "{685ACE88-43CC-4B0B-B43B-9DDEAC9236AA}"
EndProject
Project("{9A19103F-16F7-4668-BE54-9A1E7A4F7556}") = "HavingFun.DapperDAL", "HavingFun.DapperDAL\HavingFun.DapperDAL.csproj", "{4FBFDDFB-501B-4EE8-B318-C4CC59C45FB1}"
EndProject
Project("{9A19103F-16F7-4668-BE54-9A1E7A4F7556}") = "HavingFun.Tests.Stubs", "HavingFun.Tests.Stubs\HavingFun.Tests.Stubs.csproj", "{A1C74C1E-99C1-4BC2-9975-FD7EAB7BBC4E}"
EndProject
Project("{2150E333-8FDC-42A3-9474-1A3956D46DE8}") = "Tests", "Tests", "{458DEB7E-8259-4D1E-8C8F-C76C33455691}"
EndProject
Project("{2150E333-8FDC-42A3-9474-1A3956D46DE8}") = "API", "API", "{140BBD44-29FD-4369-A860-E53EF771111A}"
EndProject
Project("{2150E333-8FDC-42A3-9474-1A3956D46DE8}") = "Lib", "Lib", "{6B18BB3E-B263-45AA-8039-D7162D37B501}"
EndProject
Project("{9A19103F-16F7-4668-BE54-9A1E7A4F7556}") = "HavingFun.API.Main", "API\HavingFun.API.Main\HavingFun.API.Main.csproj", "{0006D1D0-CB83-4DF9-B2CA-47943E832A00}"
EndProject
Project("{9A19103F-16F7-4668-BE54-9A1E7A4F7556}") = "HavingFun.API.Common", "HavingFun.API.Common\HavingFun.API.Common.csproj", "{607FF4CF-1A28-4296-9A9E-FA5A988AE87A}"
EndProject
Project("{FAE04EC0-301F-11D3-BF4B-00C04F79EFBC}") = "HavingFun.API.Admin", "HavingFun.API.Admin\HavingFun.API.Admin.csproj", "{B5E72118-E092-48C4-B0E0-C05BE0B17AF2}"
EndProject
Project("{FAE04EC0-301F-11D3-BF4B-00C04F79EFBC}") = "HavingFun.API.Login", "HavingFun.API.Login\HavingFun.API.Login.csproj", "{DCAC606A-5108-48A6-8ECA-43FCC4F87C89}"
EndProject
Project("{FAE04EC0-301F-11D3-BF4B-00C04F79EFBC}") = "HavingFun.API.Shop", "HavingFun.API.Shop\HavingFun.API.Shop.csproj", "{6443FEC0-6928-49F8-ADBB-47B3BB79E4FE}"
EndProject
Project("{FAE04EC0-301F-11D3-BF4B-00C04F79EFBC}") = "HavingFun.Tests.UnitTests", "HavingFun.Tests.UnitTests\HavingFun.Tests.UnitTests.csproj", "{EBFC307C-0BCC-4E20-AF3F-1C18FE2A59B8}"
EndProject
Global
	GlobalSection(SolutionConfigurationPlatforms) = preSolution
		Debug|Any CPU = Debug|Any CPU
		Release|Any CPU = Release|Any CPU
	EndGlobalSection
	GlobalSection(ProjectConfigurationPlatforms) = postSolution
		{140CAE85-8354-4269-B1C6-D61FA0E17C8F}.Debug|Any CPU.ActiveCfg = Debug|Any CPU
		{140CAE85-8354-4269-B1C6-D61FA0E17C8F}.Debug|Any CPU.Build.0 = Debug|Any CPU
		{140CAE85-8354-4269-B1C6-D61FA0E17C8F}.Release|Any CPU.ActiveCfg = Release|Any CPU
		{140CAE85-8354-4269-B1C6-D61FA0E17C8F}.Release|Any CPU.Build.0 = Release|Any CPU
		{887EC2AD-8D5A-4546-A775-B4B28C6E9B74}.Debug|Any CPU.ActiveCfg = Debug|Any CPU
		{887EC2AD-8D5A-4546-A775-B4B28C6E9B74}.Debug|Any CPU.Build.0 = Debug|Any CPU
		{887EC2AD-8D5A-4546-A775-B4B28C6E9B74}.Release|Any CPU.ActiveCfg = Release|Any CPU
		{887EC2AD-8D5A-4546-A775-B4B28C6E9B74}.Release|Any CPU.Build.0 = Release|Any CPU
		{685ACE88-43CC-4B0B-B43B-9DDEAC9236AA}.Debug|Any CPU.ActiveCfg = Debug|Any CPU
		{685ACE88-43CC-4B0B-B43B-9DDEAC9236AA}.Debug|Any CPU.Build.0 = Debug|Any CPU
		{685ACE88-43CC-4B0B-B43B-9DDEAC9236AA}.Release|Any CPU.ActiveCfg = Release|Any CPU
		{685ACE88-43CC-4B0B-B43B-9DDEAC9236AA}.Release|Any CPU.Build.0 = Release|Any CPU
		{4FBFDDFB-501B-4EE8-B318-C4CC59C45FB1}.Debug|Any CPU.ActiveCfg = Debug|Any CPU
		{4FBFDDFB-501B-4EE8-B318-C4CC59C45FB1}.Debug|Any CPU.Build.0 = Debug|Any CPU
		{4FBFDDFB-501B-4EE8-B318-C4CC59C45FB1}.Release|Any CPU.ActiveCfg = Release|Any CPU
		{4FBFDDFB-501B-4EE8-B318-C4CC59C45FB1}.Release|Any CPU.Build.0 = Release|Any CPU
		{A1C74C1E-99C1-4BC2-9975-FD7EAB7BBC4E}.Debug|Any CPU.ActiveCfg = Debug|Any CPU
		{A1C74C1E-99C1-4BC2-9975-FD7EAB7BBC4E}.Debug|Any CPU.Build.0 = Debug|Any CPU
		{A1C74C1E-99C1-4BC2-9975-FD7EAB7BBC4E}.Release|Any CPU.ActiveCfg = Release|Any CPU
		{A1C74C1E-99C1-4BC2-9975-FD7EAB7BBC4E}.Release|Any CPU.Build.0 = Release|Any CPU
		{0006D1D0-CB83-4DF9-B2CA-47943E832A00}.Debug|Any CPU.ActiveCfg = Debug|Any CPU
		{0006D1D0-CB83-4DF9-B2CA-47943E832A00}.Debug|Any CPU.Build.0 = Debug|Any CPU
		{0006D1D0-CB83-4DF9-B2CA-47943E832A00}.Release|Any CPU.ActiveCfg = Release|Any CPU
		{0006D1D0-CB83-4DF9-B2CA-47943E832A00}.Release|Any CPU.Build.0 = Release|Any CPU
		{607FF4CF-1A28-4296-9A9E-FA5A988AE87A}.Debug|Any CPU.ActiveCfg = Debug|Any CPU
		{607FF4CF-1A28-4296-9A9E-FA5A988AE87A}.Debug|Any CPU.Build.0 = Debug|Any CPU
		{607FF4CF-1A28-4296-9A9E-FA5A988AE87A}.Release|Any CPU.ActiveCfg = Release|Any CPU
		{607FF4CF-1A28-4296-9A9E-FA5A988AE87A}.Release|Any CPU.Build.0 = Release|Any CPU
		{B5E72118-E092-48C4-B0E0-C05BE0B17AF2}.Debug|Any CPU.ActiveCfg = Debug|Any CPU
		{B5E72118-E092-48C4-B0E0-C05BE0B17AF2}.Debug|Any CPU.Build.0 = Debug|Any CPU
		{B5E72118-E092-48C4-B0E0-C05BE0B17AF2}.Release|Any CPU.ActiveCfg = Release|Any CPU
		{B5E72118-E092-48C4-B0E0-C05BE0B17AF2}.Release|Any CPU.Build.0 = Release|Any CPU
		{DCAC606A-5108-48A6-8ECA-43FCC4F87C89}.Debug|Any CPU.ActiveCfg = Debug|Any CPU
		{DCAC606A-5108-48A6-8ECA-43FCC4F87C89}.Debug|Any CPU.Build.0 = Debug|Any CPU
		{DCAC606A-5108-48A6-8ECA-43FCC4F87C89}.Release|Any CPU.ActiveCfg = Release|Any CPU
		{DCAC606A-5108-48A6-8ECA-43FCC4F87C89}.Release|Any CPU.Build.0 = Release|Any CPU
		{6443FEC0-6928-49F8-ADBB-47B3BB79E4FE}.Debug|Any CPU.ActiveCfg = Debug|Any CPU
		{6443FEC0-6928-49F8-ADBB-47B3BB79E4FE}.Debug|Any CPU.Build.0 = Debug|Any CPU
		{6443FEC0-6928-49F8-ADBB-47B3BB79E4FE}.Release|Any CPU.ActiveCfg = Release|Any CPU
		{6443FEC0-6928-49F8-ADBB-47B3BB79E4FE}.Release|Any CPU.Build.0 = Release|Any CPU
		{EBFC307C-0BCC-4E20-AF3F-1C18FE2A59B8}.Debug|Any CPU.ActiveCfg = Debug|Any CPU
		{EBFC307C-0BCC-4E20-AF3F-1C18FE2A59B8}.Debug|Any CPU.Build.0 = Debug|Any CPU
		{EBFC307C-0BCC-4E20-AF3F-1C18FE2A59B8}.Release|Any CPU.ActiveCfg = Release|Any CPU
		{EBFC307C-0BCC-4E20-AF3F-1C18FE2A59B8}.Release|Any CPU.Build.0 = Release|Any CPU
	EndGlobalSection
	GlobalSection(SolutionProperties) = preSolution
		HideSolutionNode = FALSE
	EndGlobalSection
	GlobalSection(NestedProjects) = preSolution
		{140CAE85-8354-4269-B1C6-D61FA0E17C8F} = {6B18BB3E-B263-45AA-8039-D7162D37B501}
		{887EC2AD-8D5A-4546-A775-B4B28C6E9B74} = {6B18BB3E-B263-45AA-8039-D7162D37B501}
		{685ACE88-43CC-4B0B-B43B-9DDEAC9236AA} = {6B18BB3E-B263-45AA-8039-D7162D37B501}
		{4FBFDDFB-501B-4EE8-B318-C4CC59C45FB1} = {6B18BB3E-B263-45AA-8039-D7162D37B501}
		{A1C74C1E-99C1-4BC2-9975-FD7EAB7BBC4E} = {458DEB7E-8259-4D1E-8C8F-C76C33455691}
		{0006D1D0-CB83-4DF9-B2CA-47943E832A00} = {140BBD44-29FD-4369-A860-E53EF771111A}
		{607FF4CF-1A28-4296-9A9E-FA5A988AE87A} = {140BBD44-29FD-4369-A860-E53EF771111A}
		{B5E72118-E092-48C4-B0E0-C05BE0B17AF2} = {140BBD44-29FD-4369-A860-E53EF771111A}
		{DCAC606A-5108-48A6-8ECA-43FCC4F87C89} = {140BBD44-29FD-4369-A860-E53EF771111A}
		{6443FEC0-6928-49F8-ADBB-47B3BB79E4FE} = {140BBD44-29FD-4369-A860-E53EF771111A}
		{EBFC307C-0BCC-4E20-AF3F-1C18FE2A59B8} = {458DEB7E-8259-4D1E-8C8F-C76C33455691}
	EndGlobalSection
	GlobalSection(ExtensibilityGlobals) = postSolution
		SolutionGuid = {BB6E2E1F-AD94-4262-980A-01B816CCAB6E}
	EndGlobalSection
EndGlobal
